
Microsoft Visual Studio Solution File, Format Version 12.00
# Visual Studio Version 16
VisualStudioVersion = 16.0.29021.104
MinimumVisualStudioVersion = 10.0.40219.1
Project("{FAE04EC0-301F-11D3-BF4B-00C04F79EFBC}") = "Demonik", "Demonik\Demonik.csproj", "{5C248AF7-989E-4D5A-9BC0-8E1733D0B9DE}"
EndProject
Global
	GlobalSection(SolutionConfigurationPlatforms) = preSolution
		Debug|Any CPU = Debug|Any CPU
		Release|Any CPU = Release|Any CPU
	EndGlobalSection
	GlobalSection(ProjectConfigurationPlatforms) = postSolution
		{5C248AF7-989E-4D5A-9BC0-8E1733D0B9DE}.Debug|Any CPU.ActiveCfg = Debug|Any CPU
		{5C248AF7-989E-4D5A-9BC0-8E1733D0B9DE}.Debug|Any CPU.Build.0 = Debug|Any CPU
		{5C248AF7-989E-4D5A-9BC0-8E1733D0B9DE}.Release|Any CPU.ActiveCfg = Release|Any CPU
		{5C248AF7-989E-4D5A-9BC0-8E1733D0B9DE}.Release|Any CPU.Build.0 = Release|Any CPU
	EndGlobalSection
	GlobalSection(SolutionProperties) = preSolution
		HideSolutionNode = FALSE
	EndGlobalSection
	GlobalSection(ExtensibilityGlobals) = postSolution
		SolutionGuid = {04E789C3-36E7-4FF0-B626-92E3E78E5E98}
	EndGlobalSection
EndGlobal
